
Microsoft Visual Studio Solution File, Format Version 12.00
# Visual Studio Version 17
VisualStudioVersion = 17.4.33205.214
MinimumVisualStudioVersion = 10.0.40219.1
Project("{FAE04EC0-301F-11D3-BF4B-00C04F79EFBC}") = "DemoMinimalAPI", "DemoMinimalAPI\DemoMinimalAPI.csproj", "{3D037F50-8BD8-4551-AA9C-9BC4924EE0DF}"
EndProject
Global
	GlobalSection(SolutionConfigurationPlatforms) = preSolution
		Debug|Any CPU = Debug|Any CPU
		Release|Any CPU = Release|Any CPU
	EndGlobalSection
	GlobalSection(ProjectConfigurationPlatforms) = postSolution
		{3D037F50-8BD8-4551-AA9C-9BC4924EE0DF}.Debug|Any CPU.ActiveCfg = Debug|Any CPU
		{3D037F50-8BD8-4551-AA9C-9BC4924EE0DF}.Debug|Any CPU.Build.0 = Debug|Any CPU
		{3D037F50-8BD8-4551-AA9C-9BC4924EE0DF}.Release|Any CPU.ActiveCfg = Release|Any CPU
		{3D037F50-8BD8-4551-AA9C-9BC4924EE0DF}.Release|Any CPU.Build.0 = Release|Any CPU
	EndGlobalSection
	GlobalSection(SolutionProperties) = preSolution
		HideSolutionNode = FALSE
	EndGlobalSection
	GlobalSection(ExtensibilityGlobals) = postSolution
		SolutionGuid = {474712C4-15DB-4D38-92E8-31340B07BB68}
	EndGlobalSection
EndGlobal
